
Microsoft Visual Studio Solution File, Format Version 12.00
# Visual Studio Version 17
VisualStudioVersion = 17.11.35312.102
MinimumVisualStudioVersion = 10.0.40219.1
Project("{FAE04EC0-301F-11D3-BF4B-00C04F79EFBC}") = "MazeEscape", "MazeEscape.csproj", "{74E0C819-0022-48CF-9618-9487B3CE7B40}"
EndProject
Project("{FAE04EC0-301F-11D3-BF4B-00C04F79EFBC}") = "MazeEscape - Pro", "..\MazeEscape - Pro\MazeEscape - Pro.csproj", "{ED94A90D-3EB9-4402-98CD-90DF5B51F0FB}"
EndProject
Project("{FAE04EC0-301F-11D3-BF4B-00C04F79EFBC}") = "MazeEscape.Core", "MazeEscape.Core\MazeEscape.Core.csproj", "{2C22BA16-1CA4-4941-8A73-547032FE0987}"
EndProject
Project("{FAE04EC0-301F-11D3-BF4B-00C04F79EFBC}") = "MazeEscape.Web", "MazeEscape.Web\MazeEscape.Web.csproj", "{0325B671-9155-41E2-AAC2-CF74BCAED7FE}"
EndProject
Project("{FAE04EC0-301F-11D3-BF4B-00C04F79EFBC}") = "MazeEscape.Api", "MazeEscape.Api\MazeEscape.Api.csproj", "{CDA62D44-61E7-454D-944D-183F4A573DCC}"
EndProject
Project("{FAE04EC0-301F-11D3-BF4B-00C04F79EFBC}") = "MazeEscape.Api.Tests", "MazeEscape.Api.Tests\MazeEscape.Api.Tests.csproj", "{99F4807E-EA5C-4F97-8A1F-6E62EF6AF677}"
EndProject
Global
	GlobalSection(SolutionConfigurationPlatforms) = preSolution
		Debug|Any CPU = Debug|Any CPU
		Debug|x64 = Debug|x64
		Debug|x86 = Debug|x86
		Release|Any CPU = Release|Any CPU
		Release|x64 = Release|x64
		Release|x86 = Release|x86
	EndGlobalSection
	GlobalSection(ProjectConfigurationPlatforms) = postSolution
		{74E0C819-0022-48CF-9618-9487B3CE7B40}.Debug|Any CPU.ActiveCfg = Debug|Any CPU
		{74E0C819-0022-48CF-9618-9487B3CE7B40}.Debug|Any CPU.Build.0 = Debug|Any CPU
		{74E0C819-0022-48CF-9618-9487B3CE7B40}.Debug|Any CPU.Deploy.0 = Debug|Any CPU
		{74E0C819-0022-48CF-9618-9487B3CE7B40}.Debug|x64.ActiveCfg = Debug|Any CPU
		{74E0C819-0022-48CF-9618-9487B3CE7B40}.Debug|x64.Build.0 = Debug|Any CPU
		{74E0C819-0022-48CF-9618-9487B3CE7B40}.Debug|x86.ActiveCfg = Debug|Any CPU
		{74E0C819-0022-48CF-9618-9487B3CE7B40}.Debug|x86.Build.0 = Debug|Any CPU
		{74E0C819-0022-48CF-9618-9487B3CE7B40}.Release|Any CPU.ActiveCfg = Release|Any CPU
		{74E0C819-0022-48CF-9618-9487B3CE7B40}.Release|Any CPU.Build.0 = Release|Any CPU
		{74E0C819-0022-48CF-9618-9487B3CE7B40}.Release|Any CPU.Deploy.0 = Release|Any CPU
		{74E0C819-0022-48CF-9618-9487B3CE7B40}.Release|x64.ActiveCfg = Release|Any CPU
		{74E0C819-0022-48CF-9618-9487B3CE7B40}.Release|x64.Build.0 = Release|Any CPU
		{74E0C819-0022-48CF-9618-9487B3CE7B40}.Release|x86.ActiveCfg = Release|Any CPU
		{74E0C819-0022-48CF-9618-9487B3CE7B40}.Release|x86.Build.0 = Release|Any CPU
		{ED94A90D-3EB9-4402-98CD-90DF5B51F0FB}.Debug|Any CPU.ActiveCfg = Debug|Any CPU
		{ED94A90D-3EB9-4402-98CD-90DF5B51F0FB}.Debug|Any CPU.Build.0 = Debug|Any CPU
		{ED94A90D-3EB9-4402-98CD-90DF5B51F0FB}.Debug|x64.ActiveCfg = Debug|Any CPU
		{ED94A90D-3EB9-4402-98CD-90DF5B51F0FB}.Debug|x64.Build.0 = Debug|Any CPU
		{ED94A90D-3EB9-4402-98CD-90DF5B51F0FB}.Debug|x86.ActiveCfg = Debug|Any CPU
		{ED94A90D-3EB9-4402-98CD-90DF5B51F0FB}.Debug|x86.Build.0 = Debug|Any CPU
		{ED94A90D-3EB9-4402-98CD-90DF5B51F0FB}.Release|Any CPU.ActiveCfg = Release|Any CPU
		{ED94A90D-3EB9-4402-98CD-90DF5B51F0FB}.Release|Any CPU.Build.0 = Release|Any CPU
		{ED94A90D-3EB9-4402-98CD-90DF5B51F0FB}.Release|x64.ActiveCfg = Release|Any CPU
		{ED94A90D-3EB9-4402-98CD-90DF5B51F0FB}.Release|x64.Build.0 = Release|Any CPU
		{ED94A90D-3EB9-4402-98CD-90DF5B51F0FB}.Release|x86.ActiveCfg = Release|Any CPU
		{ED94A90D-3EB9-4402-98CD-90DF5B51F0FB}.Release|x86.Build.0 = Release|Any CPU
		{2C22BA16-1CA4-4941-8A73-547032FE0987}.Debug|Any CPU.ActiveCfg = Debug|Any CPU
		{2C22BA16-1CA4-4941-8A73-547032FE0987}.Debug|Any CPU.Build.0 = Debug|Any CPU
		{2C22BA16-1CA4-4941-8A73-547032FE0987}.Debug|x64.ActiveCfg = Debug|Any CPU
		{2C22BA16-1CA4-4941-8A73-547032FE0987}.Debug|x64.Build.0 = Debug|Any CPU
		{2C22BA16-1CA4-4941-8A73-547032FE0987}.Debug|x86.ActiveCfg = Debug|Any CPU
		{2C22BA16-1CA4-4941-8A73-547032FE0987}.Debug|x86.Build.0 = Debug|Any CPU
		{2C22BA16-1CA4-4941-8A73-547032FE0987}.Release|Any CPU.ActiveCfg = Release|Any CPU
		{2C22BA16-1CA4-4941-8A73-547032FE0987}.Release|Any CPU.Build.0 = Release|Any CPU
		{2C22BA16-1CA4-4941-8A73-547032FE0987}.Release|x64.ActiveCfg = Release|Any CPU
		{2C22BA16-1CA4-4941-8A73-547032FE0987}.Release|x64.Build.0 = Release|Any CPU
		{2C22BA16-1CA4-4941-8A73-547032FE0987}.Release|x86.ActiveCfg = Release|Any CPU
		{2C22BA16-1CA4-4941-8A73-547032FE0987}.Release|x86.Build.0 = Release|Any CPU
		{0325B671-9155-41E2-AAC2-CF74BCAED7FE}.Debug|Any CPU.ActiveCfg = Debug|Any CPU
		{0325B671-9155-41E2-AAC2-CF74BCAED7FE}.Debug|Any CPU.Build.0 = Debug|Any CPU
		{0325B671-9155-41E2-AAC2-CF74BCAED7FE}.Debug|x64.ActiveCfg = Debug|Any CPU
		{0325B671-9155-41E2-AAC2-CF74BCAED7FE}.Debug|x64.Build.0 = Debug|Any CPU
		{0325B671-9155-41E2-AAC2-CF74BCAED7FE}.Debug|x86.ActiveCfg = Debug|Any CPU
		{0325B671-9155-41E2-AAC2-CF74BCAED7FE}.Debug|x86.Build.0 = Debug|Any CPU
		{0325B671-9155-41E2-AAC2-CF74BCAED7FE}.Release|Any CPU.ActiveCfg = Release|Any CPU
		{0325B671-9155-41E2-AAC2-CF74BCAED7FE}.Release|Any CPU.Build.0 = Release|Any CPU
		{0325B671-9155-41E2-AAC2-CF74BCAED7FE}.Release|x64.ActiveCfg = Release|Any CPU
		{0325B671-9155-41E2-AAC2-CF74BCAED7FE}.Release|x64.Build.0 = Release|Any CPU
		{0325B671-9155-41E2-AAC2-CF74BCAED7FE}.Release|x86.ActiveCfg = Release|Any CPU
		{0325B671-9155-41E2-AAC2-CF74BCAED7FE}.Release|x86.Build.0 = Release|Any CPU
		{CDA62D44-61E7-454D-944D-183F4A573DCC}.Debug|Any CPU.ActiveCfg = Debug|Any CPU
		{CDA62D44-61E7-454D-944D-183F4A573DCC}.Debug|Any CPU.Build.0 = Debug|Any CPU
		{CDA62D44-61E7-454D-944D-183F4A573DCC}.Debug|x64.ActiveCfg = Debug|Any CPU
		{CDA62D44-61E7-454D-944D-183F4A573DCC}.Debug|x64.Build.0 = Debug|Any CPU
		{CDA62D44-61E7-454D-944D-183F4A573DCC}.Debug|x86.ActiveCfg = Debug|Any CPU
		{CDA62D44-61E7-454D-944D-183F4A573DCC}.Debug|x86.Build.0 = Debug|Any CPU
		{CDA62D44-61E7-454D-944D-183F4A573DCC}.Release|Any CPU.ActiveCfg = Release|Any CPU
		{CDA62D44-61E7-454D-944D-183F4A573DCC}.Release|Any CPU.Build.0 = Release|Any CPU
		{CDA62D44-61E7-454D-944D-183F4A573DCC}.Release|x64.ActiveCfg = Release|Any CPU
		{CDA62D44-61E7-454D-944D-183F4A573DCC}.Release|x64.Build.0 = Release|Any CPU
		{CDA62D44-61E7-454D-944D-183F4A573DCC}.Release|x86.ActiveCfg = Release|Any CPU
		{CDA62D44-61E7-454D-944D-183F4A573DCC}.Release|x86.Build.0 = Release|Any CPU
		{99F4807E-EA5C-4F97-8A1F-6E62EF6AF677}.Debug|Any CPU.ActiveCfg = Debug|Any CPU
		{99F4807E-EA5C-4F97-8A1F-6E62EF6AF677}.Debug|Any CPU.Build.0 = Debug|Any CPU
		{99F4807E-EA5C-4F97-8A1F-6E62EF6AF677}.Debug|x64.ActiveCfg = Debug|Any CPU
		{99F4807E-EA5C-4F97-8A1F-6E62EF6AF677}.Debug|x64.Build.0 = Debug|Any CPU
		{99F4807E-EA5C-4F97-8A1F-6E62EF6AF677}.Debug|x86.ActiveCfg = Debug|Any CPU
		{99F4807E-EA5C-4F97-8A1F-6E62EF6AF677}.Debug|x86.Build.0 = Debug|Any CPU
		{99F4807E-EA5C-4F97-8A1F-6E62EF6AF677}.Release|Any CPU.ActiveCfg = Release|Any CPU
		{99F4807E-EA5C-4F97-8A1F-6E62EF6AF677}.Release|Any CPU.Build.0 = Release|Any CPU
		{99F4807E-EA5C-4F97-8A1F-6E62EF6AF677}.Release|x64.ActiveCfg = Release|Any CPU
		{99F4807E-EA5C-4F97-8A1F-6E62EF6AF677}.Release|x64.Build.0 = Release|Any CPU
		{99F4807E-EA5C-4F97-8A1F-6E62EF6AF677}.Release|x86.ActiveCfg = Release|Any CPU
		{99F4807E-EA5C-4F97-8A1F-6E62EF6AF677}.Release|x86.Build.0 = Release|Any CPU
	EndGlobalSection
	GlobalSection(SolutionProperties) = preSolution
		HideSolutionNode = FALSE
	EndGlobalSection
	GlobalSection(ExtensibilityGlobals) = postSolution
		SolutionGuid = {BF775900-F883-41DE-9019-5AD99247EFE2}
	EndGlobalSection
EndGlobal
