// !$*UTF8*$!
{
	archiveVersion = 1;
	classes = {
	};
	objectVersion = 56;
	objects = {

/* Begin PBXGroup section */
		00000000000000000000001 /* MazeEscape */ = {
			isa = PBXGroup;
			children = (
			);
			path = MazeEscape;
			sourceTree = "<group>";
		};
/* End PBXGroup section */

	};
	rootObject = 00000000000000000000001 /* MazeEscape */;
}
